<?xml version="1.0" encoding="UTF-8"?>
<CodeBlocks_project_file>
	<FileVersion major="1" minor="6"/>
	<Project>
		<Option title="EpsilonNet"/>
		<Option makefile_is_custom="1"/>
		<Option compiler="gcc"/>
		<Option virtualFolders="CMake Files\;CMake Files\..\;CMake Files\..\..\;CMake Files\..\..\usr\;CMake Files\..\..\usr\local\;CMake Files\..\..\usr\local\share\;CMake Files\..\..\usr\local\share\cmake\;CMake Files\..\..\usr\local\share\cmake\helib\;"/>
		<Build>
			<Target title="all">
				<Option working_dir="/tmp/tmp.hR0i9xBjaK"/>
				<Option type="4"/>
				<MakeCommands>
					<Build command="/usr/bin/make -j4 -f &quot;/tmp/tmp.hR0i9xBjaK/Makefile&quot;  VERBOSE=1 all"/>
					<CompileFile command="/usr/bin/make -j4 -f &quot;/tmp/tmp.hR0i9xBjaK/Makefile&quot;  VERBOSE=1 &quot;$file&quot;"/>
					<Clean command="/usr/bin/make -j4 -f &quot;/tmp/tmp.hR0i9xBjaK/Makefile&quot;  VERBOSE=1 clean"/>
					<DistClean command="/usr/bin/make -j4 -f &quot;/tmp/tmp.hR0i9xBjaK/Makefile&quot;  VERBOSE=1 clean"/>
				</MakeCommands>
			</Target>
			<Target title="rebuild_cache">
				<Option working_dir="/tmp/tmp.hR0i9xBjaK"/>
				<Option type="4"/>
				<MakeCommands>
					<Build command="/usr/bin/make -j4 -f &quot;/tmp/tmp.hR0i9xBjaK/Makefile&quot;  VERBOSE=1 rebuild_cache"/>
					<CompileFile command="/usr/bin/make -j4 -f &quot;/tmp/tmp.hR0i9xBjaK/Makefile&quot;  VERBOSE=1 &quot;$file&quot;"/>
					<Clean command="/usr/bin/make -j4 -f &quot;/tmp/tmp.hR0i9xBjaK/Makefile&quot;  VERBOSE=1 clean"/>
					<DistClean command="/usr/bin/make -j4 -f &quot;/tmp/tmp.hR0i9xBjaK/Makefile&quot;  VERBOSE=1 clean"/>
				</MakeCommands>
			</Target>
			<Target title="epsNet">
				<Option output="/tmp/tmp.hR0i9xBjaK/epsNet" prefix_auto="0" extension_auto="0"/>
				<Option working_dir="/tmp/tmp.hR0i9xBjaK"/>
				<Option object_output="./"/>
				<Option type="1"/>
				<Option compiler="gcc"/>
				<Compiler>
					<Add option="-DHELIB_THREADS"/>
					<Add directory="/usr/local/include/NTL/.."/>
					<Add directory="/usr/local/include"/>
					<Add directory="/usr/include/c++/7"/>
					<Add directory="/usr/include/x86_64-linux-gnu/c++/7"/>
					<Add directory="/usr/include/c++/7/backward"/>
					<Add directory="/usr/lib/gcc/x86_64-linux-gnu/7/include"/>
					<Add directory="/usr/lib/gcc/x86_64-linux-gnu/7/include-fixed"/>
					<Add directory="/usr/include/x86_64-linux-gnu"/>
					<Add directory="/usr/include"/>
				</Compiler>
				<MakeCommands>
					<Build command="/usr/bin/make -j4 -f &quot;/tmp/tmp.hR0i9xBjaK/Makefile&quot;  VERBOSE=1 epsNet"/>
					<CompileFile command="/usr/bin/make -j4 -f &quot;/tmp/tmp.hR0i9xBjaK/Makefile&quot;  VERBOSE=1 &quot;$file&quot;"/>
					<Clean command="/usr/bin/make -j4 -f &quot;/tmp/tmp.hR0i9xBjaK/Makefile&quot;  VERBOSE=1 clean"/>
					<DistClean command="/usr/bin/make -j4 -f &quot;/tmp/tmp.hR0i9xBjaK/Makefile&quot;  VERBOSE=1 clean"/>
				</MakeCommands>
			</Target>
			<Target title="epsNet/fast">
				<Option output="/tmp/tmp.hR0i9xBjaK/epsNet" prefix_auto="0" extension_auto="0"/>
				<Option working_dir="/tmp/tmp.hR0i9xBjaK"/>
				<Option object_output="./"/>
				<Option type="1"/>
				<Option compiler="gcc"/>
				<Compiler>
					<Add option="-DHELIB_THREADS"/>
					<Add directory="/usr/local/include/NTL/.."/>
					<Add directory="/usr/local/include"/>
					<Add directory="/usr/include/c++/7"/>
					<Add directory="/usr/include/x86_64-linux-gnu/c++/7"/>
					<Add directory="/usr/include/c++/7/backward"/>
					<Add directory="/usr/lib/gcc/x86_64-linux-gnu/7/include"/>
					<Add directory="/usr/lib/gcc/x86_64-linux-gnu/7/include-fixed"/>
					<Add directory="/usr/include/x86_64-linux-gnu"/>
					<Add directory="/usr/include"/>
				</Compiler>
				<MakeCommands>
					<Build command="/usr/bin/make -j4 -f &quot;/tmp/tmp.hR0i9xBjaK/Makefile&quot;  VERBOSE=1 epsNet/fast"/>
					<CompileFile command="/usr/bin/make -j4 -f &quot;/tmp/tmp.hR0i9xBjaK/Makefile&quot;  VERBOSE=1 &quot;$file&quot;"/>
					<Clean command="/usr/bin/make -j4 -f &quot;/tmp/tmp.hR0i9xBjaK/Makefile&quot;  VERBOSE=1 clean"/>
					<DistClean command="/usr/bin/make -j4 -f &quot;/tmp/tmp.hR0i9xBjaK/Makefile&quot;  VERBOSE=1 clean"/>
				</MakeCommands>
			</Target>
			<Target title="edit_cache">
				<Option working_dir="/tmp/tmp.hR0i9xBjaK"/>
				<Option type="4"/>
				<MakeCommands>
					<Build command="/usr/bin/make -j4 -f &quot;/tmp/tmp.hR0i9xBjaK/Makefile&quot;  VERBOSE=1 edit_cache"/>
					<CompileFile command="/usr/bin/make -j4 -f &quot;/tmp/tmp.hR0i9xBjaK/Makefile&quot;  VERBOSE=1 &quot;$file&quot;"/>
					<Clean command="/usr/bin/make -j4 -f &quot;/tmp/tmp.hR0i9xBjaK/Makefile&quot;  VERBOSE=1 clean"/>
					<DistClean command="/usr/bin/make -j4 -f &quot;/tmp/tmp.hR0i9xBjaK/Makefile&quot;  VERBOSE=1 clean"/>
				</MakeCommands>
			</Target>
		</Build>
		<Unit filename="/tmp/tmp.hR0i9xBjaK/impl/KeysServer.cpp">
			<Option target="epsNet"/>
		</Unit>
		<Unit filename="/tmp/tmp.hR0i9xBjaK/impl/KeysServer.h">
			<Option target="epsNet"/>
		</Unit>
		<Unit filename="/tmp/tmp.hR0i9xBjaK/impl/Point.cpp">
			<Option target="epsNet"/>
		</Unit>
		<Unit filename="/tmp/tmp.hR0i9xBjaK/impl/Point.h">
			<Option target="epsNet"/>
		</Unit>
		<Unit filename="/tmp/tmp.hR0i9xBjaK/impl/aux.cpp">
			<Option target="epsNet"/>
		</Unit>
		<Unit filename="/tmp/tmp.hR0i9xBjaK/impl/aux.h">
			<Option target="epsNet"/>
		</Unit>
		<Unit filename="/tmp/tmp.hR0i9xBjaK/impl/imp1_kmeans.cpp">
			<Option target="epsNet"/>
		</Unit>
		<Unit filename="/tmp/tmp.hR0i9xBjaK/impl/imp1_kmeans.h">
			<Option target="epsNet"/>
		</Unit>
		<Unit filename="/tmp/tmp.hR0i9xBjaK/impl/properties.h">
			<Option target="epsNet"/>
		</Unit>
		<Unit filename="/tmp/tmp.hR0i9xBjaK/impl/yonis/run1meancore.cpp">
			<Option target="epsNet"/>
		</Unit>
		<Unit filename="/tmp/tmp.hR0i9xBjaK/impl/yonis/run1meancore.h">
			<Option target="epsNet"/>
		</Unit>
		<Unit filename="/tmp/tmp.hR0i9xBjaK/CMakeLists.txt">
			<Option virtualFolder="CMake Files\"/>
		</Unit>
		<Unit filename="/tmp/tmp.hR0i9xBjaK/../../usr/local/share/cmake/helib/helibConfig.cmake">
			<Option virtualFolder="CMake Files\..\..\usr\local\share\cmake\helib\"/>
		</Unit>
		<Unit filename="/tmp/tmp.hR0i9xBjaK/../../usr/local/share/cmake/helib/helibConfigVersion.cmake">
			<Option virtualFolder="CMake Files\..\..\usr\local\share\cmake\helib\"/>
		</Unit>
		<Unit filename="/tmp/tmp.hR0i9xBjaK/../../usr/local/share/cmake/helib/helibTargets-relwithdebinfo.cmake">
			<Option virtualFolder="CMake Files\..\..\usr\local\share\cmake\helib\"/>
		</Unit>
		<Unit filename="/tmp/tmp.hR0i9xBjaK/../../usr/local/share/cmake/helib/helibTargets.cmake">
			<Option virtualFolder="CMake Files\..\..\usr\local\share\cmake\helib\"/>
		</Unit>
	</Project>
</CodeBlocks_project_file>
